
Microsoft Visual Studio Solution File, Format Version 12.00
# Visual Studio Express 2012 for Web
Project("{FAE04EC0-301F-11D3-BF4B-00C04F79EFBC}") = "Sample_App", "Sample_App\Sample_App.csproj", "{97C88628-75D0-4C51-9F77-62ABC42808F1}"
EndProject
Global
	GlobalSection(SolutionConfigurationPlatforms) = preSolution
		Debug|Any CPU = Debug|Any CPU
		Release|Any CPU = Release|Any CPU
	EndGlobalSection
	GlobalSection(ProjectConfigurationPlatforms) = postSolution
		{97C88628-75D0-4C51-9F77-62ABC42808F1}.Debug|Any CPU.ActiveCfg = Debug|Any CPU
		{97C88628-75D0-4C51-9F77-62ABC42808F1}.Debug|Any CPU.Build.0 = Debug|Any CPU
		{97C88628-75D0-4C51-9F77-62ABC42808F1}.Release|Any CPU.ActiveCfg = Release|Any CPU
		{97C88628-75D0-4C51-9F77-62ABC42808F1}.Release|Any CPU.Build.0 = Release|Any CPU
	EndGlobalSection
	GlobalSection(SolutionProperties) = preSolution
		HideSolutionNode = FALSE
	EndGlobalSection
EndGlobal
